// !$*UTF8*$!
{
	archiveVersion = 1;
	classes = {
	};
	objectVersion = 46;
	objects = {

/* Begin PBXBuildFile section */
		DB7C5AC01D33909200D0BA30 /* main.m in Sources */ = {isa = PBXBuildFile; fileRef = DB7C5ABF1D33909200D0BA30 /* main.m */; };
		DB7C5AC31D33909200D0BA30 /* AppDelegate.m in Sources */ = {isa = PBXBuildFile; fileRef = DB7C5AC21D33909200D0BA30 /* AppDelegate.m */; };
		DB7C5AC61D33909200D0BA30 /* ViewController.m in Sources */ = {isa = PBXBuildFile; fileRef = DB7C5AC51D33909200D0BA30 /* ViewController.m */; };
		DB7C5AC91D33909200D0BA30 /* Main.storyboard in Resources */ = {isa = PBXBuildFile; fileRef = DB7C5AC71D33909200D0BA30 /* Main.storyboard */; };
		DB7C5ACB1D33909200D0BA30 /* Assets.xcassets in Resources */ = {isa = PBXBuildFile; fileRef = DB7C5ACA1D33909200D0BA30 /* Assets.xcassets */; };
		DB7C5ACE1D33909200D0BA30 /* LaunchScreen.storyboard in Resources */ = {isa = PBXBuildFile; fileRef = DB7C5ACC1D33909200D0BA30 /* LaunchScreen.storyboard */; };
		DB7C5AD71D3391A500D0BA30 /* GamePad.m in Sources */ = {isa = PBXBuildFile; fileRef = DB7C5AD61D3391A500D0BA30 /* GamePad.m */; };
		DB7C5ADA1D33928500D0BA30 /* GamePadDecorator.m in Sources */ = {isa = PBXBuildFile; fileRef = DB7C5AD91D33928500D0BA30 /* GamePadDecorator.m */; };
		DB7C5ADD1D33950000D0BA30 /* CheatGamePadDecorator.m in Sources */ = {isa = PBXBuildFile; fileRef = DB7C5ADC1D33950000D0BA30 /* CheatGamePadDecorator.m */; };
		DB7C5AE01D33962300D0BA30 /* CoinGamePadDecorator.m in Sources */ = {isa = PBXBuildFile; fileRef = DB7C5ADF1D33962300D0BA30 /* CoinGamePadDecorator.m */; };
		DB7C5AE31D3396DF00D0BA30 /* GamePad+Cheat.m in Sources */ = {isa = PBXBuildFile; fileRef = DB7C5AE21D3396DF00D0BA30 /* GamePad+Cheat.m */; };
		DB7C5AE61D33976500D0BA30 /* GamePad+Coin.m in Sources */ = {isa = PBXBuildFile; fileRef = DB7C5AE51D33976500D0BA30 /* GamePad+Coin.m */; };
/* End PBXBuildFile section */

/* Begin PBXFileReference section */
		DB7C5ABB1D33909200D0BA30 /* GamePlay.app */ = {isa = PBXFileReference; explicitFileType = wrapper.application; includeInIndex = 0; path = GamePlay.app; sourceTree = BUILT_PRODUCTS_DIR; };
		DB7C5ABF1D33909200D0BA30 /* main.m */ = {isa = PBXFileReference; lastKnownFileType = sourcecode.c.objc; path = main.m; sourceTree = "<group>"; };
		DB7C5AC11D33909200D0BA30 /* AppDelegate.h */ = {isa = PBXFileReference; lastKnownFileType = sourcecode.c.h; path = AppDelegate.h; sourceTree = "<group>"; };
		DB7C5AC21D33909200D0BA30 /* AppDelegate.m */ = {isa = PBXFileReference; lastKnownFileType = sourcecode.c.objc; path = AppDelegate.m; sourceTree = "<group>"; };
		DB7C5AC41D33909200D0BA30 /* ViewController.h */ = {isa = PBXFileReference; lastKnownFileType = sourcecode.c.h; path = ViewController.h; sourceTree = "<group>"; };
		DB7C5AC51D33909200D0BA30 /* ViewController.m */ = {isa = PBXFileReference; lastKnownFileType = sourcecode.c.objc; path = ViewController.m; sourceTree = "<group>"; };
		DB7C5AC81D33909200D0BA30 /* Base */ = {isa = PBXFileReference; lastKnownFileType = file.storyboard; name = Base; path = Base.lproj/Main.storyboard; sourceTree = "<group>"; };
		DB7C5ACA1D33909200D0BA30 /* Assets.xcassets */ = {isa = PBXFileReference; lastKnownFileType = folder.assetcatalog; path = Assets.xcassets; sourceTree = "<group>"; };
		DB7C5ACD1D33909200D0BA30 /* Base */ = {isa = PBXFileReference; lastKnownFileType = file.storyboard; name = Base; path = Base.lproj/LaunchScreen.storyboard; sourceTree = "<group>"; };
		DB7C5ACF1D33909200D0BA30 /* Info.plist */ = {isa = PBXFileReference; lastKnownFileType = text.plist.xml; path = Info.plist; sourceTree = "<group>"; };
		DB7C5AD51D3391A500D0BA30 /* GamePad.h */ = {isa = PBXFileReference; fileEncoding = 4; lastKnownFileType = sourcecode.c.h; path = GamePad.h; sourceTree = "<group>"; };
		DB7C5AD61D3391A500D0BA30 /* GamePad.m */ = {isa = PBXFileReference; fileEncoding = 4; lastKnownFileType = sourcecode.c.objc; path = GamePad.m; sourceTree = "<group>"; };
		DB7C5AD81D33928500D0BA30 /* GamePadDecorator.h */ = {isa = PBXFileReference; fileEncoding = 4; lastKnownFileType = sourcecode.c.h; path = GamePadDecorator.h; sourceTree = "<group>"; };
		DB7C5AD91D33928500D0BA30 /* GamePadDecorator.m */ = {isa = PBXFileReference; fileEncoding = 4; lastKnownFileType = sourcecode.c.objc; path = GamePadDecorator.m; sourceTree = "<group>"; };
		DB7C5ADB1D33950000D0BA30 /* CheatGamePadDecorator.h */ = {isa = PBXFileReference; fileEncoding = 4; lastKnownFileType = sourcecode.c.h; path = CheatGamePadDecorator.h; sourceTree = "<group>"; };
		DB7C5ADC1D33950000D0BA30 /* CheatGamePadDecorator.m */ = {isa = PBXFileReference; fileEncoding = 4; lastKnownFileType = sourcecode.c.objc; path = CheatGamePadDecorator.m; sourceTree = "<group>"; };
		DB7C5ADE1D33962300D0BA30 /* CoinGamePadDecorator.h */ = {isa = PBXFileReference; fileEncoding = 4; lastKnownFileType = sourcecode.c.h; path = CoinGamePadDecorator.h; sourceTree = "<group>"; };
		DB7C5ADF1D33962300D0BA30 /* CoinGamePadDecorator.m */ = {isa = PBXFileReference; fileEncoding = 4; lastKnownFileType = sourcecode.c.objc; path = CoinGamePadDecorator.m; sourceTree = "<group>"; };
		DB7C5AE11D3396DF00D0BA30 /* GamePad+Cheat.h */ = {isa = PBXFileReference; fileEncoding = 4; lastKnownFileType = sourcecode.c.h; path = "GamePad+Cheat.h"; sourceTree = "<group>"; };
		DB7C5AE21D3396DF00D0BA30 /* GamePad+Cheat.m */ = {isa = PBXFileReference; fileEncoding = 4; lastKnownFileType = sourcecode.c.objc; path = "GamePad+Cheat.m"; sourceTree = "<group>"; };
		DB7C5AE41D33976500D0BA30 /* GamePad+Coin.h */ = {isa = PBXFileReference; fileEncoding = 4; lastKnownFileType = sourcecode.c.h; path = "GamePad+Coin.h"; sourceTree = "<group>"; };
		DB7C5AE51D33976500D0BA30 /* GamePad+Coin.m */ = {isa = PBXFileReference; fileEncoding = 4; lastKnownFileType = sourcecode.c.objc; path = "GamePad+Coin.m"; sourceTree = "<group>"; };
/* End PBXFileReference section */

/* Begin PBXFrameworksBuildPhase section */
		DB7C5AB81D33909200D0BA30 /* Frameworks */ = {
			isa = PBXFrameworksBuildPhase;
			buildActionMask = 2147483647;
			files = (
			);
			runOnlyForDeploymentPostprocessing = 0;
		};
/* End PBXFrameworksBuildPhase section */

/* Begin PBXGroup section */
		DB7C5AB21D33909100D0BA30 = {
			isa = PBXGroup;
			children = (
				DB7C5ABD1D33909200D0BA30 /* GamePlay */,
				DB7C5ABC1D33909200D0BA30 /* Products */,
			);
			sourceTree = "<group>";
		};
		DB7C5ABC1D33909200D0BA30 /* Products */ = {
			isa = PBXGroup;
			children = (
				DB7C5ABB1D33909200D0BA30 /* GamePlay.app */,
			);
			name = Products;
			sourceTree = "<group>";
		};
		DB7C5ABD1D33909200D0BA30 /* GamePlay */ = {
			isa = PBXGroup;
			children = (
				DB7C5AC11D33909200D0BA30 /* AppDelegate.h */,
				DB7C5AC21D33909200D0BA30 /* AppDelegate.m */,
				DB7C5AC41D33909200D0BA30 /* ViewController.h */,
				DB7C5AC51D33909200D0BA30 /* ViewController.m */,
				DB7C5AC71D33909200D0BA30 /* Main.storyboard */,
				DB7C5ACA1D33909200D0BA30 /* Assets.xcassets */,
				DB7C5ACC1D33909200D0BA30 /* LaunchScreen.storyboard */,
				DB7C5ACF1D33909200D0BA30 /* Info.plist */,
				DB7C5ABE1D33909200D0BA30 /* Supporting Files */,
				DB7C5AD51D3391A500D0BA30 /* GamePad.h */,
				DB7C5AD61D3391A500D0BA30 /* GamePad.m */,
				DB7C5AD81D33928500D0BA30 /* GamePadDecorator.h */,
				DB7C5AD91D33928500D0BA30 /* GamePadDecorator.m */,
				DB7C5ADB1D33950000D0BA30 /* CheatGamePadDecorator.h */,
				DB7C5ADC1D33950000D0BA30 /* CheatGamePadDecorator.m */,
				DB7C5ADE1D33962300D0BA30 /* CoinGamePadDecorator.h */,
				DB7C5ADF1D33962300D0BA30 /* CoinGamePadDecorator.m */,
				DB7C5AE11D3396DF00D0BA30 /* GamePad+Cheat.h */,
				DB7C5AE21D3396DF00D0BA30 /* GamePad+Cheat.m */,
				DB7C5AE41D33976500D0BA30 /* GamePad+Coin.h */,
				DB7C5AE51D33976500D0BA30 /* GamePad+Coin.m */,
			);
			path = GamePlay;
			sourceTree = "<group>";
		};
		DB7C5ABE1D33909200D0BA30 /* Supporting Files */ = {
			isa = PBXGroup;
			children = (
				DB7C5ABF1D33909200D0BA30 /* main.m */,
			);
			name = "Supporting Files";
			sourceTree = "<group>";
		};
/* End PBXGroup section */

/* Begin PBXNativeTarget section */
		DB7C5ABA1D33909200D0BA30 /* GamePlay */ = {
			isa = PBXNativeTarget;
			buildConfigurationList = DB7C5AD21D33909200D0BA30 /* Build configuration list for PBXNativeTarget "GamePlay" */;
			buildPhases = (
				DB7C5AB71D33909200D0BA30 /* Sources */,
				DB7C5AB81D33909200D0BA30 /* Frameworks */,
				DB7C5AB91D33909200D0BA30 /* Resources */,
			);
			buildRules = (
			);
			dependencies = (
			);
			name = GamePlay;
			productName = GamePlay;
			productReference = DB7C5ABB1D33909200D0BA30 /* GamePlay.app */;
			productType = "com.apple.product-type.application";
		};
/* End PBXNativeTarget section */

/* Begin PBXProject section */
		DB7C5AB31D33909100D0BA30 /* Project object */ = {
			isa = PBXProject;
			attributes = {
				LastUpgradeCheck = 0730;
				ORGANIZATIONNAME = LiChen;
				TargetAttributes = {
					DB7C5ABA1D33909200D0BA30 = {
						CreatedOnToolsVersion = 7.3.1;
					};
				};
			};
			buildConfigurationList = DB7C5AB61D33909200D0BA30 /* Build configuration list for PBXProject "GamePlay" */;
			compatibilityVersion = "Xcode 3.2";
			developmentRegion = English;
			hasScannedForEncodings = 0;
			knownRegions = (
				en,
				Base,
			);
			mainGroup = DB7C5AB21D33909100D0BA30;
			productRefGroup = DB7C5ABC1D33909200D0BA30 /* Products */;
			projectDirPath = "";
			projectRoot = "";
			targets = (
				DB7C5ABA1D33909200D0BA30 /* GamePlay */,
			);
		};
/* End PBXProject section */

/* Begin PBXResourcesBuildPhase section */
		DB7C5AB91D33909200D0BA30 /* Resources */ = {
			isa = PBXResourcesBuildPhase;
			buildActionMask = 2147483647;
			files = (
				DB7C5ACE1D33909200D0BA30 /* LaunchScreen.storyboard in Resources */,
				DB7C5ACB1D33909200D0BA30 /* Assets.xcassets in Resources */,
				DB7C5AC91D33909200D0BA30 /* Main.storyboard in Resources */,
			);
			runOnlyForDeploymentPostprocessing = 0;
		};
/* End PBXResourcesBuildPhase section */

/* Begin PBXSourcesBuildPhase section */
		DB7C5AB71D33909200D0BA30 /* Sources */ = {
			isa = PBXSourcesBuildPhase;
			buildActionMask = 2147483647;
			files = (
				DB7C5ADA1D33928500D0BA30 /* GamePadDecorator.m in Sources */,
				DB7C5AE61D33976500D0BA30 /* GamePad+Coin.m in Sources */,
				DB7C5AE31D3396DF00D0BA30 /* GamePad+Cheat.m in Sources */,
				DB7C5AC61D33909200D0BA30 /* ViewController.m in Sources */,
				DB7C5AC31D33909200D0BA30 /* AppDelegate.m in Sources */,
				DB7C5AC01D33909200D0BA30 /* main.m in Sources */,
				DB7C5AD71D3391A500D0BA30 /* GamePad.m in Sources */,
				DB7C5AE01D33962300D0BA30 /* CoinGamePadDecorator.m in Sources */,
				DB7C5ADD1D33950000D0BA30 /* CheatGamePadDecorator.m in Sources */,
			);
			runOnlyForDeploymentPostprocessing = 0;
		};
/* End PBXSourcesBuildPhase section */

/* Begin PBXVariantGroup section */
		DB7C5AC71D33909200D0BA30 /* Main.storyboard */ = {
			isa = PBXVariantGroup;
			children = (
				DB7C5AC81D33909200D0BA30 /* Base */,
			);
			name = Main.storyboard;
			sourceTree = "<group>";
		};
		DB7C5ACC1D33909200D0BA30 /* LaunchScreen.storyboard */ = {
			isa = PBXVariantGroup;
			children = (
				DB7C5ACD1D33909200D0BA30 /* Base */,
			);
			name = LaunchScreen.storyboard;
			sourceTree = "<group>";
		};
/* End PBXVariantGroup section */

/* Begin XCBuildConfiguration section */
		DB7C5AD01D33909200D0BA30 /* Debug */ = {
			isa = XCBuildConfiguration;
			buildSettings = {
				ALWAYS_SEARCH_USER_PATHS = NO;
				CLANG_ANALYZER_NONNULL = YES;
				CLANG_CXX_LANGUAGE_STANDARD = "gnu++0x";
				CLANG_CXX_LIBRARY = "libc++";
				CLANG_ENABLE_MODULES = YES;
				CLANG_ENABLE_OBJC_ARC = YES;
				CLANG_WARN_BOOL_CONVERSION = YES;
				CLANG_WARN_CONSTANT_CONVERSION = YES;
				CLANG_WARN_DIRECT_OBJC_ISA_USAGE = YES_ERROR;
				CLANG_WARN_EMPTY_BODY = YES;
				CLANG_WARN_ENUM_CONVERSION = YES;
				CLANG_WARN_INT_CONVERSION = YES;
				CLANG_WARN_OBJC_ROOT_CLASS = YES_ERROR;
				CLANG_WARN_UNREACHABLE_CODE = YES;
				CLANG_WARN__DUPLICATE_METHOD_MATCH = YES;
				"CODE_SIGN_IDENTITY[sdk=iphoneos*]" = "iPhone Developer";
				COPY_PHASE_STRIP = NO;
				DEBUG_INFORMATION_FORMAT = dwarf;
				ENABLE_STRICT_OBJC_MSGSEND = YES;
				ENABLE_TESTABILITY = YES;
				GCC_C_LANGUAGE_STANDARD = gnu99;
				GCC_DYNAMIC_NO_PIC = NO;
				GCC_NO_COMMON_BLOCKS = YES;
				GCC_OPTIMIZATION_LEVEL = 0;
				GCC_PREPROCESSOR_DEFINITIONS = (
					"DEBUG=1",
					"$(inherited)",
				);
				GCC_WARN_64_TO_32_BIT_CONVERSION = YES;
				GCC_WARN_ABOUT_RETURN_TYPE = YES_ERROR;
				GCC_WARN_UNDECLARED_SELECTOR = YES;
				GCC_WARN_UNINITIALIZED_AUTOS = YES_AGGRESSIVE;
				GCC_WARN_UNUSED_FUNCTION = YES;
				GCC_WARN_UNUSED_VARIABLE = YES;
				IPHONEOS_DEPLOYMENT_TARGET = 9.3;
				MTL_ENABLE_DEBUG_INFO = YES;
				ONLY_ACTIVE_ARCH = YES;
				SDKROOT = iphoneos;
				TARGETED_DEVICE_FAMILY = "1,2";
			};
			name = Debug;
		};
		DB7C5AD11D33909200D0BA30 /* Release */ = {
			isa = XCBuildConfiguration;
			buildSettings = {
				ALWAYS_SEARCH_USER_PATHS = NO;
				CLANG_ANALYZER_NONNULL = YES;
				CLANG_CXX_LANGUAGE_STANDARD = "gnu++0x";
				CLANG_CXX_LIBRARY = "libc++";
				CLANG_ENABLE_MODULES = YES;
				CLANG_ENABLE_OBJC_ARC = YES;
				CLANG_WARN_BOOL_CONVERSION = YES;
				CLANG_WARN_CONSTANT_CONVERSION = YES;
				CLANG_WARN_DIRECT_OBJC_ISA_USAGE = YES_ERROR;
				CLANG_WARN_EMPTY_BODY = YES;
				CLANG_WARN_ENUM_CONVERSION = YES;
				CLANG_WARN_INT_CONVERSION = YES;
				CLANG_WARN_OBJC_ROOT_CLASS = YES_ERROR;
				CLANG_WARN_UNREACHABLE_CODE = YES;
				CLANG_WARN__DUPLICATE_METHOD_MATCH = YES;
				"CODE_SIGN_IDENTITY[sdk=iphoneos*]" = "iPhone Developer";
				COPY_PHASE_STRIP = NO;
				DEBUG_INFORMATION_FORMAT = "dwarf-with-dsym";
				ENABLE_NS_ASSERTIONS = NO;
				ENABLE_STRICT_OBJC_MSGSEND = YES;
				GCC_C_LANGUAGE_STANDARD = gnu99;
				GCC_NO_COMMON_BLOCKS = YES;
				GCC_WARN_64_TO_32_BIT_CONVERSION = YES;
				GCC_WARN_ABOUT_RETURN_TYPE = YES_ERROR;
				GCC_WARN_UNDECLARED_SELECTOR = YES;
				GCC_WARN_UNINITIALIZED_AUTOS = YES_AGGRESSIVE;
				GCC_WARN_UNUSED_FUNCTION = YES;
				GCC_WARN_UNUSED_VARIABLE = YES;
				IPHONEOS_DEPLOYMENT_TARGET = 9.3;
				MTL_ENABLE_DEBUG_INFO = NO;
				SDKROOT = iphoneos;
				TARGETED_DEVICE_FAMILY = "1,2";
				VALIDATE_PRODUCT = YES;
			};
			name = Release;
		};
		DB7C5AD31D33909200D0BA30 /* Debug */ = {
			isa = XCBuildConfiguration;
			buildSettings = {
				ASSETCATALOG_COMPILER_APPICON_NAME = AppIcon;
				INFOPLIST_FILE = GamePlay/Info.plist;
				LD_RUNPATH_SEARCH_PATHS = "$(inherited) @executable_path/Frameworks";
				PRODUCT_BUNDLE_IDENTIFIER = huruiwangyan.GamePlay;
				PRODUCT_NAME = "$(TARGET_NAME)";
			};
			name = Debug;
		};
		DB7C5AD41D33909200D0BA30 /* Release */ = {
			isa = XCBuildConfiguration;
			buildSettings = {
				ASSETCATALOG_COMPILER_APPICON_NAME = AppIcon;
				INFOPLIST_FILE = GamePlay/Info.plist;
				LD_RUNPATH_SEARCH_PATHS = "$(inherited) @executable_path/Frameworks";
				PRODUCT_BUNDLE_IDENTIFIER = huruiwangyan.GamePlay;
				PRODUCT_NAME = "$(TARGET_NAME)";
			};
			name = Release;
		};
/* End XCBuildConfiguration section */

/* Begin XCConfigurationList section */
		DB7C5AB61D33909200D0BA30 /* Build configuration list for PBXProject "GamePlay" */ = {
			isa = XCConfigurationList;
			buildConfigurations = (
				DB7C5AD01D33909200D0BA30 /* Debug */,
				DB7C5AD11D33909200D0BA30 /* Release */,
			);
			defaultConfigurationIsVisible = 0;
			defaultConfigurationName = Release;
		};
		DB7C5AD21D33909200D0BA30 /* Build configuration list for PBXNativeTarget "GamePlay" */ = {
			isa = XCConfigurationList;
			buildConfigurations = (
				DB7C5AD31D33909200D0BA30 /* Debug */,
				DB7C5AD41D33909200D0BA30 /* Release */,
			);
			defaultConfigurationIsVisible = 0;
		};
/* End XCConfigurationList section */
	};
	rootObject = DB7C5AB31D33909100D0BA30 /* Project object */;
}
