// !$*UTF8*$!
{
	archiveVersion = 1;
	classes = {
	};
	objectVersion = 46;
	objects = {

/* Begin PBXBuildFile section */
		DB46D8851D1BD57F0090CDAD /* main.m in Sources */ = {isa = PBXBuildFile; fileRef = DB46D8841D1BD57F0090CDAD /* main.m */; };
		DB46D8881D1BD57F0090CDAD /* AppDelegate.m in Sources */ = {isa = PBXBuildFile; fileRef = DB46D8871D1BD57F0090CDAD /* AppDelegate.m */; };
		DB46D88B1D1BD57F0090CDAD /* ViewController.m in Sources */ = {isa = PBXBuildFile; fileRef = DB46D88A1D1BD57F0090CDAD /* ViewController.m */; };
		DB46D88E1D1BD57F0090CDAD /* Main.storyboard in Resources */ = {isa = PBXBuildFile; fileRef = DB46D88C1D1BD57F0090CDAD /* Main.storyboard */; };
		DB46D8901D1BD57F0090CDAD /* Assets.xcassets in Resources */ = {isa = PBXBuildFile; fileRef = DB46D88F1D1BD57F0090CDAD /* Assets.xcassets */; };
		DB46D8931D1BD57F0090CDAD /* LaunchScreen.storyboard in Resources */ = {isa = PBXBuildFile; fileRef = DB46D8911D1BD57F0090CDAD /* LaunchScreen.storyboard */; };
/* End PBXBuildFile section */

/* Begin PBXFileReference section */
		DB46D8801D1BD57F0090CDAD /* AutoLayout.app */ = {isa = PBXFileReference; explicitFileType = wrapper.application; includeInIndex = 0; path = AutoLayout.app; sourceTree = BUILT_PRODUCTS_DIR; };
		DB46D8841D1BD57F0090CDAD /* main.m */ = {isa = PBXFileReference; lastKnownFileType = sourcecode.c.objc; path = main.m; sourceTree = "<group>"; };
		DB46D8861D1BD57F0090CDAD /* AppDelegate.h */ = {isa = PBXFileReference; lastKnownFileType = sourcecode.c.h; path = AppDelegate.h; sourceTree = "<group>"; };
		DB46D8871D1BD57F0090CDAD /* AppDelegate.m */ = {isa = PBXFileReference; lastKnownFileType = sourcecode.c.objc; path = AppDelegate.m; sourceTree = "<group>"; };
		DB46D8891D1BD57F0090CDAD /* ViewController.h */ = {isa = PBXFileReference; lastKnownFileType = sourcecode.c.h; path = ViewController.h; sourceTree = "<group>"; };
		DB46D88A1D1BD57F0090CDAD /* ViewController.m */ = {isa = PBXFileReference; lastKnownFileType = sourcecode.c.objc; path = ViewController.m; sourceTree = "<group>"; };
		DB46D88D1D1BD57F0090CDAD /* Base */ = {isa = PBXFileReference; lastKnownFileType = file.storyboard; name = Base; path = Base.lproj/Main.storyboard; sourceTree = "<group>"; };
		DB46D88F1D1BD57F0090CDAD /* Assets.xcassets */ = {isa = PBXFileReference; lastKnownFileType = folder.assetcatalog; path = Assets.xcassets; sourceTree = "<group>"; };
		DB46D8921D1BD57F0090CDAD /* Base */ = {isa = PBXFileReference; lastKnownFileType = file.storyboard; name = Base; path = Base.lproj/LaunchScreen.storyboard; sourceTree = "<group>"; };
		DB46D8941D1BD57F0090CDAD /* Info.plist */ = {isa = PBXFileReference; lastKnownFileType = text.plist.xml; path = Info.plist; sourceTree = "<group>"; };
/* End PBXFileReference section */

/* Begin PBXFrameworksBuildPhase section */
		DB46D87D1D1BD57F0090CDAD /* Frameworks */ = {
			isa = PBXFrameworksBuildPhase;
			buildActionMask = 2147483647;
			files = (
			);
			runOnlyForDeploymentPostprocessing = 0;
		};
/* End PBXFrameworksBuildPhase section */

/* Begin PBXGroup section */
		DB46D8771D1BD57F0090CDAD = {
			isa = PBXGroup;
			children = (
				DB46D8821D1BD57F0090CDAD /* AutoLayout */,
				DB46D8811D1BD57F0090CDAD /* Products */,
			);
			sourceTree = "<group>";
		};
		DB46D8811D1BD57F0090CDAD /* Products */ = {
			isa = PBXGroup;
			children = (
				DB46D8801D1BD57F0090CDAD /* AutoLayout.app */,
			);
			name = Products;
			sourceTree = "<group>";
		};
		DB46D8821D1BD57F0090CDAD /* AutoLayout */ = {
			isa = PBXGroup;
			children = (
				DB46D8861D1BD57F0090CDAD /* AppDelegate.h */,
				DB46D8871D1BD57F0090CDAD /* AppDelegate.m */,
				DB46D8891D1BD57F0090CDAD /* ViewController.h */,
				DB46D88A1D1BD57F0090CDAD /* ViewController.m */,
				DB46D88C1D1BD57F0090CDAD /* Main.storyboard */,
				DB46D88F1D1BD57F0090CDAD /* Assets.xcassets */,
				DB46D8911D1BD57F0090CDAD /* LaunchScreen.storyboard */,
				DB46D8941D1BD57F0090CDAD /* Info.plist */,
				DB46D8831D1BD57F0090CDAD /* Supporting Files */,
			);
			path = AutoLayout;
			sourceTree = "<group>";
		};
		DB46D8831D1BD57F0090CDAD /* Supporting Files */ = {
			isa = PBXGroup;
			children = (
				DB46D8841D1BD57F0090CDAD /* main.m */,
			);
			name = "Supporting Files";
			sourceTree = "<group>";
		};
/* End PBXGroup section */

/* Begin PBXNativeTarget section */
		DB46D87F1D1BD57F0090CDAD /* AutoLayout */ = {
			isa = PBXNativeTarget;
			buildConfigurationList = DB46D8971D1BD57F0090CDAD /* Build configuration list for PBXNativeTarget "AutoLayout" */;
			buildPhases = (
				DB46D87C1D1BD57F0090CDAD /* Sources */,
				DB46D87D1D1BD57F0090CDAD /* Frameworks */,
				DB46D87E1D1BD57F0090CDAD /* Resources */,
			);
			buildRules = (
			);
			dependencies = (
			);
			name = AutoLayout;
			productName = AutoLayout;
			productReference = DB46D8801D1BD57F0090CDAD /* AutoLayout.app */;
			productType = "com.apple.product-type.application";
		};
/* End PBXNativeTarget section */

/* Begin PBXProject section */
		DB46D8781D1BD57F0090CDAD /* Project object */ = {
			isa = PBXProject;
			attributes = {
				LastUpgradeCheck = 0730;
				ORGANIZATIONNAME = LiChen;
				TargetAttributes = {
					DB46D87F1D1BD57F0090CDAD = {
						CreatedOnToolsVersion = 7.3.1;
					};
				};
			};
			buildConfigurationList = DB46D87B1D1BD57F0090CDAD /* Build configuration list for PBXProject "AutoLayout" */;
			compatibilityVersion = "Xcode 3.2";
			developmentRegion = English;
			hasScannedForEncodings = 0;
			knownRegions = (
				en,
				Base,
			);
			mainGroup = DB46D8771D1BD57F0090CDAD;
			productRefGroup = DB46D8811D1BD57F0090CDAD /* Products */;
			projectDirPath = "";
			projectRoot = "";
			targets = (
				DB46D87F1D1BD57F0090CDAD /* AutoLayout */,
			);
		};
/* End PBXProject section */

/* Begin PBXResourcesBuildPhase section */
		DB46D87E1D1BD57F0090CDAD /* Resources */ = {
			isa = PBXResourcesBuildPhase;
			buildActionMask = 2147483647;
			files = (
				DB46D8931D1BD57F0090CDAD /* LaunchScreen.storyboard in Resources */,
				DB46D8901D1BD57F0090CDAD /* Assets.xcassets in Resources */,
				DB46D88E1D1BD57F0090CDAD /* Main.storyboard in Resources */,
			);
			runOnlyForDeploymentPostprocessing = 0;
		};
/* End PBXResourcesBuildPhase section */

/* Begin PBXSourcesBuildPhase section */
		DB46D87C1D1BD57F0090CDAD /* Sources */ = {
			isa = PBXSourcesBuildPhase;
			buildActionMask = 2147483647;
			files = (
				DB46D88B1D1BD57F0090CDAD /* ViewController.m in Sources */,
				DB46D8881D1BD57F0090CDAD /* AppDelegate.m in Sources */,
				DB46D8851D1BD57F0090CDAD /* main.m in Sources */,
			);
			runOnlyForDeploymentPostprocessing = 0;
		};
/* End PBXSourcesBuildPhase section */

/* Begin PBXVariantGroup section */
		DB46D88C1D1BD57F0090CDAD /* Main.storyboard */ = {
			isa = PBXVariantGroup;
			children = (
				DB46D88D1D1BD57F0090CDAD /* Base */,
			);
			name = Main.storyboard;
			sourceTree = "<group>";
		};
		DB46D8911D1BD57F0090CDAD /* LaunchScreen.storyboard */ = {
			isa = PBXVariantGroup;
			children = (
				DB46D8921D1BD57F0090CDAD /* Base */,
			);
			name = LaunchScreen.storyboard;
			sourceTree = "<group>";
		};
/* End PBXVariantGroup section */

/* Begin XCBuildConfiguration section */
		DB46D8951D1BD57F0090CDAD /* Debug */ = {
			isa = XCBuildConfiguration;
			buildSettings = {
				ALWAYS_SEARCH_USER_PATHS = NO;
				CLANG_ANALYZER_NONNULL = YES;
				CLANG_CXX_LANGUAGE_STANDARD = "gnu++0x";
				CLANG_CXX_LIBRARY = "libc++";
				CLANG_ENABLE_MODULES = YES;
				CLANG_ENABLE_OBJC_ARC = YES;
				CLANG_WARN_BOOL_CONVERSION = YES;
				CLANG_WARN_CONSTANT_CONVERSION = YES;
				CLANG_WARN_DIRECT_OBJC_ISA_USAGE = YES_ERROR;
				CLANG_WARN_EMPTY_BODY = YES;
				CLANG_WARN_ENUM_CONVERSION = YES;
				CLANG_WARN_INT_CONVERSION = YES;
				CLANG_WARN_OBJC_ROOT_CLASS = YES_ERROR;
				CLANG_WARN_UNREACHABLE_CODE = YES;
				CLANG_WARN__DUPLICATE_METHOD_MATCH = YES;
				"CODE_SIGN_IDENTITY[sdk=iphoneos*]" = "iPhone Developer";
				COPY_PHASE_STRIP = NO;
				DEBUG_INFORMATION_FORMAT = dwarf;
				ENABLE_STRICT_OBJC_MSGSEND = YES;
				ENABLE_TESTABILITY = YES;
				GCC_C_LANGUAGE_STANDARD = gnu99;
				GCC_DYNAMIC_NO_PIC = NO;
				GCC_NO_COMMON_BLOCKS = YES;
				GCC_OPTIMIZATION_LEVEL = 0;
				GCC_PREPROCESSOR_DEFINITIONS = (
					"DEBUG=1",
					"$(inherited)",
				);
				GCC_WARN_64_TO_32_BIT_CONVERSION = YES;
				GCC_WARN_ABOUT_RETURN_TYPE = YES_ERROR;
				GCC_WARN_UNDECLARED_SELECTOR = YES;
				GCC_WARN_UNINITIALIZED_AUTOS = YES_AGGRESSIVE;
				GCC_WARN_UNUSED_FUNCTION = YES;
				GCC_WARN_UNUSED_VARIABLE = YES;
				IPHONEOS_DEPLOYMENT_TARGET = 9.3;
				MTL_ENABLE_DEBUG_INFO = YES;
				ONLY_ACTIVE_ARCH = YES;
				SDKROOT = iphoneos;
				TARGETED_DEVICE_FAMILY = "1,2";
			};
			name = Debug;
		};
		DB46D8961D1BD57F0090CDAD /* Release */ = {
			isa = XCBuildConfiguration;
			buildSettings = {
				ALWAYS_SEARCH_USER_PATHS = NO;
				CLANG_ANALYZER_NONNULL = YES;
				CLANG_CXX_LANGUAGE_STANDARD = "gnu++0x";
				CLANG_CXX_LIBRARY = "libc++";
				CLANG_ENABLE_MODULES = YES;
				CLANG_ENABLE_OBJC_ARC = YES;
				CLANG_WARN_BOOL_CONVERSION = YES;
				CLANG_WARN_CONSTANT_CONVERSION = YES;
				CLANG_WARN_DIRECT_OBJC_ISA_USAGE = YES_ERROR;
				CLANG_WARN_EMPTY_BODY = YES;
				CLANG_WARN_ENUM_CONVERSION = YES;
				CLANG_WARN_INT_CONVERSION = YES;
				CLANG_WARN_OBJC_ROOT_CLASS = YES_ERROR;
				CLANG_WARN_UNREACHABLE_CODE = YES;
				CLANG_WARN__DUPLICATE_METHOD_MATCH = YES;
				"CODE_SIGN_IDENTITY[sdk=iphoneos*]" = "iPhone Developer";
				COPY_PHASE_STRIP = NO;
				DEBUG_INFORMATION_FORMAT = "dwarf-with-dsym";
				ENABLE_NS_ASSERTIONS = NO;
				ENABLE_STRICT_OBJC_MSGSEND = YES;
				GCC_C_LANGUAGE_STANDARD = gnu99;
				GCC_NO_COMMON_BLOCKS = YES;
				GCC_WARN_64_TO_32_BIT_CONVERSION = YES;
				GCC_WARN_ABOUT_RETURN_TYPE = YES_ERROR;
				GCC_WARN_UNDECLARED_SELECTOR = YES;
				GCC_WARN_UNINITIALIZED_AUTOS = YES_AGGRESSIVE;
				GCC_WARN_UNUSED_FUNCTION = YES;
				GCC_WARN_UNUSED_VARIABLE = YES;
				IPHONEOS_DEPLOYMENT_TARGET = 9.3;
				MTL_ENABLE_DEBUG_INFO = NO;
				SDKROOT = iphoneos;
				TARGETED_DEVICE_FAMILY = "1,2";
				VALIDATE_PRODUCT = YES;
			};
			name = Release;
		};
		DB46D8981D1BD57F0090CDAD /* Debug */ = {
			isa = XCBuildConfiguration;
			buildSettings = {
				ASSETCATALOG_COMPILER_APPICON_NAME = AppIcon;
				INFOPLIST_FILE = AutoLayout/Info.plist;
				LD_RUNPATH_SEARCH_PATHS = "$(inherited) @executable_path/Frameworks";
				PRODUCT_BUNDLE_IDENTIFIER = huruiwangyan.AutoLayout;
				PRODUCT_NAME = "$(TARGET_NAME)";
			};
			name = Debug;
		};
		DB46D8991D1BD57F0090CDAD /* Release */ = {
			isa = XCBuildConfiguration;
			buildSettings = {
				ASSETCATALOG_COMPILER_APPICON_NAME = AppIcon;
				INFOPLIST_FILE = AutoLayout/Info.plist;
				LD_RUNPATH_SEARCH_PATHS = "$(inherited) @executable_path/Frameworks";
				PRODUCT_BUNDLE_IDENTIFIER = huruiwangyan.AutoLayout;
				PRODUCT_NAME = "$(TARGET_NAME)";
			};
			name = Release;
		};
/* End XCBuildConfiguration section */

/* Begin XCConfigurationList section */
		DB46D87B1D1BD57F0090CDAD /* Build configuration list for PBXProject "AutoLayout" */ = {
			isa = XCConfigurationList;
			buildConfigurations = (
				DB46D8951D1BD57F0090CDAD /* Debug */,
				DB46D8961D1BD57F0090CDAD /* Release */,
			);
			defaultConfigurationIsVisible = 0;
			defaultConfigurationName = Release;
		};
		DB46D8971D1BD57F0090CDAD /* Build configuration list for PBXNativeTarget "AutoLayout" */ = {
			isa = XCConfigurationList;
			buildConfigurations = (
				DB46D8981D1BD57F0090CDAD /* Debug */,
				DB46D8991D1BD57F0090CDAD /* Release */,
			);
			defaultConfigurationIsVisible = 0;
		};
/* End XCConfigurationList section */
	};
	rootObject = DB46D8781D1BD57F0090CDAD /* Project object */;
}
